{
    "name": "coding-ninjas",
    "version": "0.0.1",
    "lockfileVersion": 1,
    "requires": true,
    "dependencies": {
        "poly-decomp": {
            "version": "0.2.1",
            "resolved": "https://registry.npmjs.org/poly-decomp/-/poly-decomp-0.2.1.tgz",
            "integrity": "sha1-pcxAiOnil0Bw+h7iPH4/L8W1Ftg="
        }
    }
}
